
Microsoft Visual Studio Solution File, Format Version 12.00
# Visual Studio Version 16
VisualStudioVersion = 16.0.29613.14
MinimumVisualStudioVersion = 10.0.40219.1
Project("{FAE04EC0-301F-11D3-BF4B-00C04F79EFBC}") = "Sup", "Sup\Sup.csproj", "{1C0B57AC-3832-4A17-8DEF-7A1E3FCE9C05}"
EndProject
Global
	GlobalSection(SolutionConfigurationPlatforms) = preSolution
		Debug|Any CPU = Debug|Any CPU
		Release|Any CPU = Release|Any CPU
	EndGlobalSection
	GlobalSection(ProjectConfigurationPlatforms) = postSolution
		{1C0B57AC-3832-4A17-8DEF-7A1E3FCE9C05}.Debug|Any CPU.ActiveCfg = Debug|Any CPU
		{1C0B57AC-3832-4A17-8DEF-7A1E3FCE9C05}.Debug|Any CPU.Build.0 = Debug|Any CPU
		{1C0B57AC-3832-4A17-8DEF-7A1E3FCE9C05}.Release|Any CPU.ActiveCfg = Release|Any CPU
		{1C0B57AC-3832-4A17-8DEF-7A1E3FCE9C05}.Release|Any CPU.Build.0 = Release|Any CPU
	EndGlobalSection
	GlobalSection(SolutionProperties) = preSolution
		HideSolutionNode = FALSE
	EndGlobalSection
	GlobalSection(ExtensibilityGlobals) = postSolution
		SolutionGuid = {F7CA989E-2024-4C7D-B0E1-3225C238F0E3}
	EndGlobalSection
EndGlobal
